Microsoft Visual Studio Solution File, Format Version 12.00
# Visual Studio Version 17
VisualStudioVersion = 17.5.2.0
MinimumVisualStudioVersion = 10.0.40219.1
Project("{FAE04EC0-301F-11D3-BF4B-00C04F79EFBC}") = "AlertAi", "AlertAi.csproj", "{B43CC39C-7C87-22EE-F118-566078FF7141}"
EndProject
Global
	GlobalSection(SolutionConfigurationPlatforms) = preSolution
		Debug|Any CPU = Debug|Any CPU
		Release|Any CPU = Release|Any CPU
	EndGlobalSection
	GlobalSection(ProjectConfigurationPlatforms) = postSolution
		{B43CC39C-7C87-22EE-F118-566078FF7141}.Debug|Any CPU.ActiveCfg = Debug|Any CPU
		{B43CC39C-7C87-22EE-F118-566078FF7141}.Debug|Any CPU.Build.0 = Debug|Any CPU
		{B43CC39C-7C87-22EE-F118-566078FF7141}.Release|Any CPU.ActiveCfg = Release|Any CPU
		{B43CC39C-7C87-22EE-F118-566078FF7141}.Release|Any CPU.Build.0 = Release|Any CPU
	EndGlobalSection
	GlobalSection(SolutionProperties) = preSolution
		HideSolutionNode = FALSE
	EndGlobalSection
	GlobalSection(ExtensibilityGlobals) = postSolution
		SolutionGuid = {6BF30E46-A2D6-4949-8A3A-F3F096A1DEE2}
	EndGlobalSection
EndGlobal
